{"is_source_file": false, "format": "", "description": "", "external_files": [], "external_methods": [], "published": [], "classes": [], "methods": [], "calls": [], "search-terms": [], "state": 2, "file_id": 16, "knowledge_revision": 32, "git_revision": "87e97a5f8c44693b5ef75005af56ec008e4a61c8", "hash": "9c4ed7ef73e22b872b8055bec08b8979", "format-version": 4, "code-base-name": "default", "filename": "artvibe_academy/post_process_status.lock", "revision_history": [{"32": "87e97a5f8c44693b5ef75005af56ec008e4a61c8"}]}